<?xml version="1.0" encoding="utf-8"?>
<Project ToolsVersion="4.0" xmlns="http://schemas.microsoft.com/developer/msbuild/2003">
  <ItemGroup>
    <Filter Include="Source Files">
      <UniqueIdentifier>{4FC737F1-C7A5-4376-A066-2A32D752A2FF}</UniqueIdentifier>
      <Extensions>cpp;c;cc;cxx;def;odl;idl;hpj;bat;asm;asmx</Extensions>
    </Filter>
    <Filter Include="Header Files">
      <UniqueIdentifier>{93995380-89BD-4b04-88EB-625FBE52EBFB}</UniqueIdentifier>
      <Extensions>h;hh;hpp;hxx;hm;inl;inc;ipp;xsd</Extensions>
    </Filter>
    <Filter Include="Resource Files">
      <UniqueIdentifier>{67DA6AB6-F800-4c08-8B7A-83BB121AAD01}</UniqueIdentifier>
      <Extensions>rc;ico;cur;bmp;dlg;rc2;rct;bin;rgs;gif;jpg;jpeg;jpe;resx;tiff;tif;png;wav;mfcribbon-ms</Extensions>
    </Filter>
    <Filter Include="Source Files\graphics">
      <UniqueIdentifier>{c1b9b7ca-b2fd-4785-b3c2-c1ad64480f3f}</UniqueIdentifier>
    </Filter>
    <Filter Include="Source Files\graphics\window">
      <UniqueIdentifier>{fae282b4-6510-43c6-8f2d-d40c9b3cb37a}</UniqueIdentifier>
    </Filter>
    <Filter Include="Source Files\game">
      <UniqueIdentifier>{408486cd-d0b7-4a9c-b602-0a7cb67e965d}</UniqueIdentifier>
    </Filter>
    <Filter Include="Source Files\game\input">
      <UniqueIdentifier>{a1dafb8c-f620-4717-85ff-ac66f590265e}</UniqueIdentifier>
    </Filter>
    <Filter Include="Source Files\graphics\objects">
      <UniqueIdentifier>{692cfabe-751f-4573-9170-a77486a24b94}</UniqueIdentifier>
    </Filter>
    <Filter Include="Source Files\game\gameManager">
      <UniqueIdentifier>{a4ec0dfd-ba17-4ca6-aa7d-492c9bb3225f}</UniqueIdentifier>
    </Filter>
    <Filter Include="Source Files\math">
      <UniqueIdentifier>{b3006eef-7e89-43fb-9f27-82411fdac07e}</UniqueIdentifier>
    </Filter>
  </ItemGroup>
  <ItemGroup>
    <ClCompile Include="main.cpp">
      <Filter>Source Files</Filter>
    </ClCompile>
    <ClCompile Include="Window.cpp">
      <Filter>Source Files\graphics\window</Filter>
    </ClCompile>
    <ClCompile Include="line.cpp">
      <Filter>Source Files\graphics\objects</Filter>
    </ClCompile>
    <ClCompile Include="UserInput.cpp">
      <Filter>Source Files\game\input</Filter>
    </ClCompile>
    <ClCompile Include="RunnableGame.cpp">
      <Filter>Source Files\game\gameManager</Filter>
    </ClCompile>
    <ClCompile Include="MyGame.cpp">
      <Filter>Source Files\game\gameManager</Filter>
    </ClCompile>
    <ClCompile Include="Shape2d.cpp">
      <Filter>Source Files\graphics\objects</Filter>
    </ClCompile>
    <ClCompile Include="Object.cpp">
      <Filter>Source Files\graphics\objects</Filter>
    </ClCompile>
    <ClCompile Include="rectangle.cpp">
      <Filter>Source Files\graphics\objects</Filter>
    </ClCompile>
    <ClCompile Include="Matrix.cpp">
      <Filter>Source Files\math</Filter>
    </ClCompile>
    <ClCompile Include="MathF.cpp">
      <Filter>Source Files\math</Filter>
    </ClCompile>
    <ClCompile Include="Transform.cpp">
      <Filter>Source Files\graphics</Filter>
    </ClCompile>
    <ClCompile Include="vector.cpp">
      <Filter>Source Files\graphics</Filter>
    </ClCompile>
  </ItemGroup>
  <ItemGroup>
    <ClInclude Include="MathF.h">
      <Filter>Header Files</Filter>
    </ClInclude>
    <ClInclude Include="Matrix.h">
      <Filter>Header Files</Filter>
    </ClInclude>
    <ClInclude Include="vector.h">
      <Filter>Header Files</Filter>
    </ClInclude>
    <ClInclude Include="Transform.h">
      <Filter>Header Files</Filter>
    </ClInclude>
    <ClInclude Include="Window.h">
      <Filter>Header Files</Filter>
    </ClInclude>
    <ClInclude Include="line.h">
      <Filter>Header Files</Filter>
    </ClInclude>
    <ClInclude Include="Object.h">
      <Filter>Header Files</Filter>
    </ClInclude>
    <ClInclude Include="rectangle.h">
      <Filter>Header Files</Filter>
    </ClInclude>
    <ClInclude Include="Shape2d.h">
      <Filter>Header Files</Filter>
    </ClInclude>
    <ClInclude Include="UserInput.h">
      <Filter>Header Files</Filter>
    </ClInclude>
    <ClInclude Include="MyGame.h">
      <Filter>Header Files</Filter>
    </ClInclude>
    <ClInclude Include="RunnableGame.h">
      <Filter>Header Files</Filter>
    </ClInclude>
  </ItemGroup>
</Project>